
Microsoft Visual Studio Solution File, Format Version 11.00
# Visual Studio 2010
Project("{8BC9CEB8-8B4A-11D0-8D11-00A0C91BC942}") = "OpenNMS_Service", "OpenNMS_Service\OpenNMS_Service.vcxproj", "{C94910A3-647F-41C2-8704-16B7BF08740D}"
EndProject
Project("{8BC9CEB8-8B4A-11D0-8D11-00A0C91BC942}") = "OpenNMS_Tray", "OpenNMS_Tray\OpenNMS_Tray.vcxproj", "{03F847BF-58C9-4EE4-98C7-9A7C225762F6}"
EndProject
Project("{8BC9CEB8-8B4A-11D0-8D11-00A0C91BC942}") = "jicmp", "jicmp\jicmp.vcxproj", "{B440F1B9-F87B-4574-AF64-60EA1B78CE4A}"
EndProject
Project("{8BC9CEB8-8B4A-11D0-8D11-00A0C91BC942}") = "MainrENU", "Localization\ENU\MainrENU.vcxproj", "{289A6E7A-868F-4AF8-904D-677C9C8C64A5}"
EndProject
Project("{2150E333-8FDC-42A3-9474-1A3956D46DE8}") = "Localization", "Localization", "{E57957C3-DC75-41F1-AE7B-49EBFDC282D2}"
EndProject
Project("{54435603-DBB4-11D2-8724-00A0C9A8B90C}") = "OpenNMS_Setup_x86", "Setup\OpenNMS_Setup_x86\OpenNMS_Setup_x86.vdproj", "{77C2BCAB-793D-45F0-93A2-81390DEA5F77}"
EndProject
Project("{54435603-DBB4-11D2-8724-00A0C9A8B90C}") = "OpenNMS_Setup_x64", "Setup\OpenNMS_Setup_x64\OpenNMS_Setup_x64.vdproj", "{C011E795-A30E-4553-AE18-8B67ECE6E043}"
EndProject
Project("{2150E333-8FDC-42A3-9474-1A3956D46DE8}") = "Setup", "Setup", "{9CE2ACBF-BDBC-4106-A15C-C98F0CDF2B1C}"
EndProject
Project("{8BC9CEB8-8B4A-11D0-8D11-00A0C91BC942}") = "LaunchNMS", "LaunchNMS\LaunchNMS.vcxproj", "{8CE940E2-7287-4ADE-99F4-8D6D0997D588}"
EndProject
Global
	GlobalSection(SolutionConfigurationPlatforms) = preSolution
		Debug|Win32 = Debug|Win32
		Debug|x64 = Debug|x64
		Release|Win32 = Release|Win32
		Release|x64 = Release|x64
	EndGlobalSection
	GlobalSection(ProjectConfigurationPlatforms) = postSolution
		{C94910A3-647F-41C2-8704-16B7BF08740D}.Debug|Win32.ActiveCfg = Debug|Win32
		{C94910A3-647F-41C2-8704-16B7BF08740D}.Debug|Win32.Build.0 = Debug|Win32
		{C94910A3-647F-41C2-8704-16B7BF08740D}.Debug|x64.ActiveCfg = Debug|x64
		{C94910A3-647F-41C2-8704-16B7BF08740D}.Debug|x64.Build.0 = Debug|x64
		{C94910A3-647F-41C2-8704-16B7BF08740D}.Release|Win32.ActiveCfg = Release|Win32
		{C94910A3-647F-41C2-8704-16B7BF08740D}.Release|Win32.Build.0 = Release|Win32
		{C94910A3-647F-41C2-8704-16B7BF08740D}.Release|x64.ActiveCfg = Release|x64
		{C94910A3-647F-41C2-8704-16B7BF08740D}.Release|x64.Build.0 = Release|x64
		{03F847BF-58C9-4EE4-98C7-9A7C225762F6}.Debug|Win32.ActiveCfg = Debug|Win32
		{03F847BF-58C9-4EE4-98C7-9A7C225762F6}.Debug|Win32.Build.0 = Debug|Win32
		{03F847BF-58C9-4EE4-98C7-9A7C225762F6}.Debug|x64.ActiveCfg = Debug|x64
		{03F847BF-58C9-4EE4-98C7-9A7C225762F6}.Debug|x64.Build.0 = Debug|x64
		{03F847BF-58C9-4EE4-98C7-9A7C225762F6}.Release|Win32.ActiveCfg = Release|Win32
		{03F847BF-58C9-4EE4-98C7-9A7C225762F6}.Release|Win32.Build.0 = Release|Win32
		{03F847BF-58C9-4EE4-98C7-9A7C225762F6}.Release|x64.ActiveCfg = Release|x64
		{03F847BF-58C9-4EE4-98C7-9A7C225762F6}.Release|x64.Build.0 = Release|x64
		{B440F1B9-F87B-4574-AF64-60EA1B78CE4A}.Debug|Win32.ActiveCfg = Debug|Win32
		{B440F1B9-F87B-4574-AF64-60EA1B78CE4A}.Debug|Win32.Build.0 = Debug|Win32
		{B440F1B9-F87B-4574-AF64-60EA1B78CE4A}.Debug|x64.ActiveCfg = Debug|x64
		{B440F1B9-F87B-4574-AF64-60EA1B78CE4A}.Debug|x64.Build.0 = Debug|x64
		{B440F1B9-F87B-4574-AF64-60EA1B78CE4A}.Release|Win32.ActiveCfg = Release|Win32
		{B440F1B9-F87B-4574-AF64-60EA1B78CE4A}.Release|Win32.Build.0 = Release|Win32
		{B440F1B9-F87B-4574-AF64-60EA1B78CE4A}.Release|x64.ActiveCfg = Release|x64
		{B440F1B9-F87B-4574-AF64-60EA1B78CE4A}.Release|x64.Build.0 = Release|x64
		{289A6E7A-868F-4AF8-904D-677C9C8C64A5}.Debug|Win32.ActiveCfg = Debug|Win32
		{289A6E7A-868F-4AF8-904D-677C9C8C64A5}.Debug|Win32.Build.0 = Debug|Win32
		{289A6E7A-868F-4AF8-904D-677C9C8C64A5}.Debug|x64.ActiveCfg = Debug|x64
		{289A6E7A-868F-4AF8-904D-677C9C8C64A5}.Debug|x64.Build.0 = Debug|x64
		{289A6E7A-868F-4AF8-904D-677C9C8C64A5}.Release|Win32.ActiveCfg = Release|Win32
		{289A6E7A-868F-4AF8-904D-677C9C8C64A5}.Release|Win32.Build.0 = Release|Win32
		{289A6E7A-868F-4AF8-904D-677C9C8C64A5}.Release|x64.ActiveCfg = Release|x64
		{289A6E7A-868F-4AF8-904D-677C9C8C64A5}.Release|x64.Build.0 = Release|x64
		{77C2BCAB-793D-45F0-93A2-81390DEA5F77}.Debug|Win32.ActiveCfg = Debug
		{77C2BCAB-793D-45F0-93A2-81390DEA5F77}.Debug|Win32.Build.0 = Debug
		{77C2BCAB-793D-45F0-93A2-81390DEA5F77}.Debug|x64.ActiveCfg = Debug
		{77C2BCAB-793D-45F0-93A2-81390DEA5F77}.Release|Win32.ActiveCfg = Release
		{77C2BCAB-793D-45F0-93A2-81390DEA5F77}.Release|Win32.Build.0 = Release
		{77C2BCAB-793D-45F0-93A2-81390DEA5F77}.Release|x64.ActiveCfg = Release
		{C011E795-A30E-4553-AE18-8B67ECE6E043}.Debug|Win32.ActiveCfg = Debug
		{C011E795-A30E-4553-AE18-8B67ECE6E043}.Debug|x64.ActiveCfg = Debug
		{C011E795-A30E-4553-AE18-8B67ECE6E043}.Release|Win32.ActiveCfg = Release
		{C011E795-A30E-4553-AE18-8B67ECE6E043}.Release|x64.ActiveCfg = Release
		{C011E795-A30E-4553-AE18-8B67ECE6E043}.Release|x64.Build.0 = Release
		{8CE940E2-7287-4ADE-99F4-8D6D0997D588}.Debug|Win32.ActiveCfg = Debug|Win32
		{8CE940E2-7287-4ADE-99F4-8D6D0997D588}.Debug|Win32.Build.0 = Debug|Win32
		{8CE940E2-7287-4ADE-99F4-8D6D0997D588}.Debug|x64.ActiveCfg = Debug|x64
		{8CE940E2-7287-4ADE-99F4-8D6D0997D588}.Debug|x64.Build.0 = Debug|x64
		{8CE940E2-7287-4ADE-99F4-8D6D0997D588}.Release|Win32.ActiveCfg = Release|Win32
		{8CE940E2-7287-4ADE-99F4-8D6D0997D588}.Release|Win32.Build.0 = Release|Win32
		{8CE940E2-7287-4ADE-99F4-8D6D0997D588}.Release|x64.ActiveCfg = Release|x64
		{8CE940E2-7287-4ADE-99F4-8D6D0997D588}.Release|x64.Build.0 = Release|x64
	EndGlobalSection
	GlobalSection(SolutionProperties) = preSolution
		HideSolutionNode = FALSE
	EndGlobalSection
	GlobalSection(NestedProjects) = preSolution
		{289A6E7A-868F-4AF8-904D-677C9C8C64A5} = {E57957C3-DC75-41F1-AE7B-49EBFDC282D2}
		{C011E795-A30E-4553-AE18-8B67ECE6E043} = {9CE2ACBF-BDBC-4106-A15C-C98F0CDF2B1C}
		{77C2BCAB-793D-45F0-93A2-81390DEA5F77} = {9CE2ACBF-BDBC-4106-A15C-C98F0CDF2B1C}
	EndGlobalSection
EndGlobal
